
Microsoft Visual Studio Solution File, Format Version 12.00
# Visual Studio Version 17
VisualStudioVersion = 17.10.35013.160
MinimumVisualStudioVersion = 10.0.40219.1
Project("{2150E333-8FDC-42A3-9474-1A3956D46DE8}") = "Solution Items", "Solution Items", "{A2760ACB-2EFB-43AF-A073-1BA0D89816C0}"
	ProjectSection(SolutionItems) = preProject
		.editorconfig = .editorconfig
	EndProjectSection
EndProject
Project("{2150E333-8FDC-42A3-9474-1A3956D46DE8}") = "src", "src", "{A77ADAEB-9F8B-4A7B-A02C-3E3EDCA367EE}"
EndProject
Project("{2150E333-8FDC-42A3-9474-1A3956D46DE8}") = "tests", "tests", "{5C7E2454-017F-47BC-A616-07F93ACF8401}"
EndProject
Project("{9A19103F-16F7-4668-BE54-9A1E7A4F7556}") = "Deopeia.AppHost", "src\Deopeia.AppHost\Deopeia.AppHost.csproj", "{67D4B024-ADFA-4BBF-8E3C-9D3395957C57}"
EndProject
Project("{9A19103F-16F7-4668-BE54-9A1E7A4F7556}") = "Deopeia.ServiceDefaults", "src\Deopeia.ServiceDefaults\Deopeia.ServiceDefaults.csproj", "{60DB5DF0-EA14-4E13-992C-CB8BF87ABB5B}"
EndProject
Project("{9A19103F-16F7-4668-BE54-9A1E7A4F7556}") = "Deopeia.Common", "src\Deopeia.Common\Deopeia.Common.csproj", "{9EB10745-381C-453D-A59E-6C5F17695C47}"
EndProject
Project("{9A19103F-16F7-4668-BE54-9A1E7A4F7556}") = "Deopeia.Common.Api", "src\Deopeia.Common.Api\Deopeia.Common.Api.csproj", "{C681EDD3-812D-4FBD-AB43-405FCDADB378}"
EndProject
Project("{9A19103F-16F7-4668-BE54-9A1E7A4F7556}") = "Deopeia.Common.Application", "src\Deopeia.Common.Application\Deopeia.Common.Application.csproj", "{9A6219BE-C1D5-4AA9-A488-A56AA1848FBE}"
EndProject
Project("{9A19103F-16F7-4668-BE54-9A1E7A4F7556}") = "Deopeia.Common.Domain", "src\Deopeia.Common.Domain\Deopeia.Common.Domain.csproj", "{F570BE67-BFAA-4CD0-8866-77EC38A5660D}"
EndProject
Project("{9A19103F-16F7-4668-BE54-9A1E7A4F7556}") = "Deopeia.Common.Infrastructure", "src\Deopeia.Common.Infrastructure\Deopeia.Common.Infrastructure.csproj", "{EC13AFA6-BFC4-4B22-8E10-37ABA67A0E53}"
EndProject
Project("{9A19103F-16F7-4668-BE54-9A1E7A4F7556}") = "Deopeia.Common.Worker", "src\Deopeia.Common.Worker\Deopeia.Common.Worker.csproj", "{1B7911F1-7525-45AA-9FFB-C7E53D55E4D6}"
EndProject
Project("{2150E333-8FDC-42A3-9474-1A3956D46DE8}") = "Deopeia.Identity", "Deopeia.Identity", "{D7CD9DE3-AE6E-4C03-9A01-6D51005BC95D}"
EndProject
Project("{9A19103F-16F7-4668-BE54-9A1E7A4F7556}") = "Deopeia.Identity.Api", "src\Deopeia.Identity.Api\Deopeia.Identity.Api.csproj", "{6EF9E87A-E527-4FD2-B56C-BC3A4132A910}"
EndProject
Project("{9A19103F-16F7-4668-BE54-9A1E7A4F7556}") = "Deopeia.Identity.Application", "src\Deopeia.Identity.Application\Deopeia.Identity.Application.csproj", "{1C02A192-38A8-4F69-AB29-7C9F65B6CA9F}"
EndProject
Project("{9A19103F-16F7-4668-BE54-9A1E7A4F7556}") = "Deopeia.Identity.Domain", "src\Deopeia.Identity.Domain\Deopeia.Identity.Domain.csproj", "{468632A7-4797-4D42-A340-93EA7C6581AA}"
EndProject
Project("{9A19103F-16F7-4668-BE54-9A1E7A4F7556}") = "Deopeia.Identity.Infrastructure", "src\Deopeia.Identity.Infrastructure\Deopeia.Identity.Infrastructure.csproj", "{649D0BA9-04AE-403D-BA62-0D02EF794B86}"
EndProject
Project("{2150E333-8FDC-42A3-9474-1A3956D46DE8}") = "Deopeia.Quote", "Deopeia.Quote", "{87E8D507-355F-4A5A-B9FC-1B06A985CE66}"
EndProject
Project("{9A19103F-16F7-4668-BE54-9A1E7A4F7556}") = "Deopeia.Quote.Api", "src\Deopeia.Quote.Api\Deopeia.Quote.Api.csproj", "{F0BF6571-E3F0-421A-BB18-FABDFABB6B86}"
EndProject
Project("{9A19103F-16F7-4668-BE54-9A1E7A4F7556}") = "Deopeia.Quote.Application", "src\Deopeia.Quote.Application\Deopeia.Quote.Application.csproj", "{1457E2F7-732E-4342-969B-FA54CD99EA8C}"
EndProject
Project("{9A19103F-16F7-4668-BE54-9A1E7A4F7556}") = "Deopeia.Quote.Domain", "src\Deopeia.Quote.Domain\Deopeia.Quote.Domain.csproj", "{45041022-6952-475D-8DFE-06D8CEACCD09}"
EndProject
Project("{9A19103F-16F7-4668-BE54-9A1E7A4F7556}") = "Deopeia.Quote.Infrastructure", "src\Deopeia.Quote.Infrastructure\Deopeia.Quote.Infrastructure.csproj", "{16F82CC5-829A-4358-940B-DC9C10175747}"
EndProject
Project("{9A19103F-16F7-4668-BE54-9A1E7A4F7556}") = "Deopeia.Quote.Worker", "src\Deopeia.Quote.Worker\Deopeia.Quote.Worker.csproj", "{A80194A0-D92D-48CE-ADDD-1577C68C2E43}"
EndProject
Project("{2150E333-8FDC-42A3-9474-1A3956D46DE8}") = "Deopeia.Finance", "Deopeia.Finance", "{4CC6CA09-B957-4077-95DE-7E89D1297E94}"
EndProject
Project("{9A19103F-16F7-4668-BE54-9A1E7A4F7556}") = "Deopeia.Finance.Bff", "src\Deopeia.Finance.Bff\Deopeia.Finance.Bff.csproj", "{26AB6D6F-0556-40E3-BC9C-BD6C8CDF65B4}"
EndProject
Global
	GlobalSection(SolutionConfigurationPlatforms) = preSolution
		Debug|Any CPU = Debug|Any CPU
		Release|Any CPU = Release|Any CPU
	EndGlobalSection
	GlobalSection(ProjectConfigurationPlatforms) = postSolution
		{67D4B024-ADFA-4BBF-8E3C-9D3395957C57}.Debug|Any CPU.ActiveCfg = Debug|Any CPU
		{67D4B024-ADFA-4BBF-8E3C-9D3395957C57}.Debug|Any CPU.Build.0 = Debug|Any CPU
		{67D4B024-ADFA-4BBF-8E3C-9D3395957C57}.Release|Any CPU.ActiveCfg = Release|Any CPU
		{67D4B024-ADFA-4BBF-8E3C-9D3395957C57}.Release|Any CPU.Build.0 = Release|Any CPU
		{60DB5DF0-EA14-4E13-992C-CB8BF87ABB5B}.Debug|Any CPU.ActiveCfg = Debug|Any CPU
		{60DB5DF0-EA14-4E13-992C-CB8BF87ABB5B}.Debug|Any CPU.Build.0 = Debug|Any CPU
		{60DB5DF0-EA14-4E13-992C-CB8BF87ABB5B}.Release|Any CPU.ActiveCfg = Release|Any CPU
		{60DB5DF0-EA14-4E13-992C-CB8BF87ABB5B}.Release|Any CPU.Build.0 = Release|Any CPU
		{9EB10745-381C-453D-A59E-6C5F17695C47}.Debug|Any CPU.ActiveCfg = Debug|Any CPU
		{9EB10745-381C-453D-A59E-6C5F17695C47}.Debug|Any CPU.Build.0 = Debug|Any CPU
		{9EB10745-381C-453D-A59E-6C5F17695C47}.Release|Any CPU.ActiveCfg = Release|Any CPU
		{9EB10745-381C-453D-A59E-6C5F17695C47}.Release|Any CPU.Build.0 = Release|Any CPU
		{C681EDD3-812D-4FBD-AB43-405FCDADB378}.Debug|Any CPU.ActiveCfg = Debug|Any CPU
		{C681EDD3-812D-4FBD-AB43-405FCDADB378}.Debug|Any CPU.Build.0 = Debug|Any CPU
		{C681EDD3-812D-4FBD-AB43-405FCDADB378}.Release|Any CPU.ActiveCfg = Release|Any CPU
		{C681EDD3-812D-4FBD-AB43-405FCDADB378}.Release|Any CPU.Build.0 = Release|Any CPU
		{9A6219BE-C1D5-4AA9-A488-A56AA1848FBE}.Debug|Any CPU.ActiveCfg = Debug|Any CPU
		{9A6219BE-C1D5-4AA9-A488-A56AA1848FBE}.Debug|Any CPU.Build.0 = Debug|Any CPU
		{9A6219BE-C1D5-4AA9-A488-A56AA1848FBE}.Release|Any CPU.ActiveCfg = Release|Any CPU
		{9A6219BE-C1D5-4AA9-A488-A56AA1848FBE}.Release|Any CPU.Build.0 = Release|Any CPU
		{F570BE67-BFAA-4CD0-8866-77EC38A5660D}.Debug|Any CPU.ActiveCfg = Debug|Any CPU
		{F570BE67-BFAA-4CD0-8866-77EC38A5660D}.Debug|Any CPU.Build.0 = Debug|Any CPU
		{F570BE67-BFAA-4CD0-8866-77EC38A5660D}.Release|Any CPU.ActiveCfg = Release|Any CPU
		{F570BE67-BFAA-4CD0-8866-77EC38A5660D}.Release|Any CPU.Build.0 = Release|Any CPU
		{EC13AFA6-BFC4-4B22-8E10-37ABA67A0E53}.Debug|Any CPU.ActiveCfg = Debug|Any CPU
		{EC13AFA6-BFC4-4B22-8E10-37ABA67A0E53}.Debug|Any CPU.Build.0 = Debug|Any CPU
		{EC13AFA6-BFC4-4B22-8E10-37ABA67A0E53}.Release|Any CPU.ActiveCfg = Release|Any CPU
		{EC13AFA6-BFC4-4B22-8E10-37ABA67A0E53}.Release|Any CPU.Build.0 = Release|Any CPU
		{1B7911F1-7525-45AA-9FFB-C7E53D55E4D6}.Debug|Any CPU.ActiveCfg = Debug|Any CPU
		{1B7911F1-7525-45AA-9FFB-C7E53D55E4D6}.Debug|Any CPU.Build.0 = Debug|Any CPU
		{1B7911F1-7525-45AA-9FFB-C7E53D55E4D6}.Release|Any CPU.ActiveCfg = Release|Any CPU
		{1B7911F1-7525-45AA-9FFB-C7E53D55E4D6}.Release|Any CPU.Build.0 = Release|Any CPU
		{6EF9E87A-E527-4FD2-B56C-BC3A4132A910}.Debug|Any CPU.ActiveCfg = Debug|Any CPU
		{6EF9E87A-E527-4FD2-B56C-BC3A4132A910}.Debug|Any CPU.Build.0 = Debug|Any CPU
		{6EF9E87A-E527-4FD2-B56C-BC3A4132A910}.Release|Any CPU.ActiveCfg = Release|Any CPU
		{6EF9E87A-E527-4FD2-B56C-BC3A4132A910}.Release|Any CPU.Build.0 = Release|Any CPU
		{1C02A192-38A8-4F69-AB29-7C9F65B6CA9F}.Debug|Any CPU.ActiveCfg = Debug|Any CPU
		{1C02A192-38A8-4F69-AB29-7C9F65B6CA9F}.Debug|Any CPU.Build.0 = Debug|Any CPU
		{1C02A192-38A8-4F69-AB29-7C9F65B6CA9F}.Release|Any CPU.ActiveCfg = Release|Any CPU
		{1C02A192-38A8-4F69-AB29-7C9F65B6CA9F}.Release|Any CPU.Build.0 = Release|Any CPU
		{468632A7-4797-4D42-A340-93EA7C6581AA}.Debug|Any CPU.ActiveCfg = Debug|Any CPU
		{468632A7-4797-4D42-A340-93EA7C6581AA}.Debug|Any CPU.Build.0 = Debug|Any CPU
		{468632A7-4797-4D42-A340-93EA7C6581AA}.Release|Any CPU.ActiveCfg = Release|Any CPU
		{468632A7-4797-4D42-A340-93EA7C6581AA}.Release|Any CPU.Build.0 = Release|Any CPU
		{649D0BA9-04AE-403D-BA62-0D02EF794B86}.Debug|Any CPU.ActiveCfg = Debug|Any CPU
		{649D0BA9-04AE-403D-BA62-0D02EF794B86}.Debug|Any CPU.Build.0 = Debug|Any CPU
		{649D0BA9-04AE-403D-BA62-0D02EF794B86}.Release|Any CPU.ActiveCfg = Release|Any CPU
		{649D0BA9-04AE-403D-BA62-0D02EF794B86}.Release|Any CPU.Build.0 = Release|Any CPU
		{F0BF6571-E3F0-421A-BB18-FABDFABB6B86}.Debug|Any CPU.ActiveCfg = Debug|Any CPU
		{F0BF6571-E3F0-421A-BB18-FABDFABB6B86}.Debug|Any CPU.Build.0 = Debug|Any CPU
		{F0BF6571-E3F0-421A-BB18-FABDFABB6B86}.Release|Any CPU.ActiveCfg = Release|Any CPU
		{F0BF6571-E3F0-421A-BB18-FABDFABB6B86}.Release|Any CPU.Build.0 = Release|Any CPU
		{1457E2F7-732E-4342-969B-FA54CD99EA8C}.Debug|Any CPU.ActiveCfg = Debug|Any CPU
		{1457E2F7-732E-4342-969B-FA54CD99EA8C}.Debug|Any CPU.Build.0 = Debug|Any CPU
		{1457E2F7-732E-4342-969B-FA54CD99EA8C}.Release|Any CPU.ActiveCfg = Release|Any CPU
		{1457E2F7-732E-4342-969B-FA54CD99EA8C}.Release|Any CPU.Build.0 = Release|Any CPU
		{45041022-6952-475D-8DFE-06D8CEACCD09}.Debug|Any CPU.ActiveCfg = Debug|Any CPU
		{45041022-6952-475D-8DFE-06D8CEACCD09}.Debug|Any CPU.Build.0 = Debug|Any CPU
		{45041022-6952-475D-8DFE-06D8CEACCD09}.Release|Any CPU.ActiveCfg = Release|Any CPU
		{45041022-6952-475D-8DFE-06D8CEACCD09}.Release|Any CPU.Build.0 = Release|Any CPU
		{16F82CC5-829A-4358-940B-DC9C10175747}.Debug|Any CPU.ActiveCfg = Debug|Any CPU
		{16F82CC5-829A-4358-940B-DC9C10175747}.Debug|Any CPU.Build.0 = Debug|Any CPU
		{16F82CC5-829A-4358-940B-DC9C10175747}.Release|Any CPU.ActiveCfg = Release|Any CPU
		{16F82CC5-829A-4358-940B-DC9C10175747}.Release|Any CPU.Build.0 = Release|Any CPU
		{A80194A0-D92D-48CE-ADDD-1577C68C2E43}.Debug|Any CPU.ActiveCfg = Debug|Any CPU
		{A80194A0-D92D-48CE-ADDD-1577C68C2E43}.Debug|Any CPU.Build.0 = Debug|Any CPU
		{A80194A0-D92D-48CE-ADDD-1577C68C2E43}.Release|Any CPU.ActiveCfg = Release|Any CPU
		{A80194A0-D92D-48CE-ADDD-1577C68C2E43}.Release|Any CPU.Build.0 = Release|Any CPU
		{26AB6D6F-0556-40E3-BC9C-BD6C8CDF65B4}.Debug|Any CPU.ActiveCfg = Debug|Any CPU
		{26AB6D6F-0556-40E3-BC9C-BD6C8CDF65B4}.Debug|Any CPU.Build.0 = Debug|Any CPU
		{26AB6D6F-0556-40E3-BC9C-BD6C8CDF65B4}.Release|Any CPU.ActiveCfg = Release|Any CPU
		{26AB6D6F-0556-40E3-BC9C-BD6C8CDF65B4}.Release|Any CPU.Build.0 = Release|Any CPU
	EndGlobalSection
	GlobalSection(SolutionProperties) = preSolution
		HideSolutionNode = FALSE
	EndGlobalSection
	GlobalSection(NestedProjects) = preSolution
		{67D4B024-ADFA-4BBF-8E3C-9D3395957C57} = {A77ADAEB-9F8B-4A7B-A02C-3E3EDCA367EE}
		{60DB5DF0-EA14-4E13-992C-CB8BF87ABB5B} = {A77ADAEB-9F8B-4A7B-A02C-3E3EDCA367EE}
		{9EB10745-381C-453D-A59E-6C5F17695C47} = {A77ADAEB-9F8B-4A7B-A02C-3E3EDCA367EE}
		{C681EDD3-812D-4FBD-AB43-405FCDADB378} = {A77ADAEB-9F8B-4A7B-A02C-3E3EDCA367EE}
		{9A6219BE-C1D5-4AA9-A488-A56AA1848FBE} = {A77ADAEB-9F8B-4A7B-A02C-3E3EDCA367EE}
		{F570BE67-BFAA-4CD0-8866-77EC38A5660D} = {A77ADAEB-9F8B-4A7B-A02C-3E3EDCA367EE}
		{EC13AFA6-BFC4-4B22-8E10-37ABA67A0E53} = {A77ADAEB-9F8B-4A7B-A02C-3E3EDCA367EE}
		{1B7911F1-7525-45AA-9FFB-C7E53D55E4D6} = {A77ADAEB-9F8B-4A7B-A02C-3E3EDCA367EE}
		{D7CD9DE3-AE6E-4C03-9A01-6D51005BC95D} = {A77ADAEB-9F8B-4A7B-A02C-3E3EDCA367EE}
		{6EF9E87A-E527-4FD2-B56C-BC3A4132A910} = {D7CD9DE3-AE6E-4C03-9A01-6D51005BC95D}
		{1C02A192-38A8-4F69-AB29-7C9F65B6CA9F} = {D7CD9DE3-AE6E-4C03-9A01-6D51005BC95D}
		{468632A7-4797-4D42-A340-93EA7C6581AA} = {D7CD9DE3-AE6E-4C03-9A01-6D51005BC95D}
		{649D0BA9-04AE-403D-BA62-0D02EF794B86} = {D7CD9DE3-AE6E-4C03-9A01-6D51005BC95D}
		{87E8D507-355F-4A5A-B9FC-1B06A985CE66} = {A77ADAEB-9F8B-4A7B-A02C-3E3EDCA367EE}
		{F0BF6571-E3F0-421A-BB18-FABDFABB6B86} = {87E8D507-355F-4A5A-B9FC-1B06A985CE66}
		{1457E2F7-732E-4342-969B-FA54CD99EA8C} = {87E8D507-355F-4A5A-B9FC-1B06A985CE66}
		{45041022-6952-475D-8DFE-06D8CEACCD09} = {87E8D507-355F-4A5A-B9FC-1B06A985CE66}
		{16F82CC5-829A-4358-940B-DC9C10175747} = {87E8D507-355F-4A5A-B9FC-1B06A985CE66}
		{A80194A0-D92D-48CE-ADDD-1577C68C2E43} = {87E8D507-355F-4A5A-B9FC-1B06A985CE66}
		{4CC6CA09-B957-4077-95DE-7E89D1297E94} = {A77ADAEB-9F8B-4A7B-A02C-3E3EDCA367EE}
		{26AB6D6F-0556-40E3-BC9C-BD6C8CDF65B4} = {4CC6CA09-B957-4077-95DE-7E89D1297E94}
	EndGlobalSection
	GlobalSection(ExtensibilityGlobals) = postSolution
		SolutionGuid = {98693ADF-5AFB-4F82-AD4C-DB69EABE08ED}
	EndGlobalSection
EndGlobal
