
Microsoft Visual Studio Solution File, Format Version 12.00
# Visual Studio Version 17
VisualStudioVersion = 17.7.34202.233
MinimumVisualStudioVersion = 10.0.40219.1
Project("{2150E333-8FDC-42A3-9474-1A3956D46DE8}") = "Solution Items", "Solution Items", "{CFDE0210-FB35-4762-B809-6181EB615600}"
	ProjectSection(SolutionItems) = preProject
		.editorconfig = .editorconfig
	EndProjectSection
EndProject
Project("{9A19103F-16F7-4668-BE54-9A1E7A4F7556}") = "Viriplaca.Common", "src\Viriplaca.Common\Viriplaca.Common.csproj", "{84DFDBBD-9D90-42C4-ABD3-81867160ABA6}"
EndProject
Project("{9A19103F-16F7-4668-BE54-9A1E7A4F7556}") = "Viriplaca.Common.UnitTests", "tests\Viriplaca.Common.UnitTests\Viriplaca.Common.UnitTests.csproj", "{572F7AA7-A973-4B7F-A25E-20089C6639D1}"
EndProject
Project("{2150E333-8FDC-42A3-9474-1A3956D46DE8}") = "Viriplaca.Identity", "Viriplaca.Identity", "{A6096633-FACF-4154-9F72-2317CBD19930}"
EndProject
Project("{9A19103F-16F7-4668-BE54-9A1E7A4F7556}") = "Viriplaca.Identity.Api", "src\Viriplaca.Identity.Api\Viriplaca.Identity.Api.csproj", "{CA3BCE84-3CE6-4942-9B02-948320E6F8B9}"
EndProject
Project("{9A19103F-16F7-4668-BE54-9A1E7A4F7556}") = "Viriplaca.Identity.App", "src\Viriplaca.Identity.App\Viriplaca.Identity.App.csproj", "{A41819F8-DBAE-4E47-A1C6-427D7F7C03B6}"
EndProject
Project("{9A19103F-16F7-4668-BE54-9A1E7A4F7556}") = "Viriplaca.Identity.Data", "src\Viriplaca.Identity.Data\Viriplaca.Identity.Data.csproj", "{27B337AC-75AF-4DF9-91C8-C3B544965C5E}"
EndProject
Project("{9A19103F-16F7-4668-BE54-9A1E7A4F7556}") = "Viriplaca.Identity.Domain", "src\Viriplaca.Identity.Domain\Viriplaca.Identity.Domain.csproj", "{2BCE026E-4978-4B0D-BB89-C55E3C6C18F7}"
EndProject
Project("{9A19103F-16F7-4668-BE54-9A1E7A4F7556}") = "Viriplaca.Identity.Domain.UnitTests", "tests\Viriplaca.Identity.Domain.UnitTests\Viriplaca.Identity.Domain.UnitTests.csproj", "{37B7CB5D-A793-4172-92AC-E24548360344}"
EndProject
Project("{2150E333-8FDC-42A3-9474-1A3956D46DE8}") = "Viriplaca.HR", "Viriplaca.HR", "{93B9F9FA-19EB-4BFD-B5B1-3DB75B1B3CA7}"
EndProject
Project("{9A19103F-16F7-4668-BE54-9A1E7A4F7556}") = "Viriplaca.HR.Api", "src\Viriplaca.HR.Api\Viriplaca.HR.Api.csproj", "{9DEE949E-9CDA-4EA2-A829-304F87591EAF}"
EndProject
Project("{9A19103F-16F7-4668-BE54-9A1E7A4F7556}") = "Viriplaca.HR.App", "src\Viriplaca.HR.App\Viriplaca.HR.App.csproj", "{F359FDC9-53E3-4933-B595-34B0C6034AB0}"
EndProject
Project("{9A19103F-16F7-4668-BE54-9A1E7A4F7556}") = "Viriplaca.HR.Data", "src\Viriplaca.HR.Data\Viriplaca.HR.Data.csproj", "{3A88A7C1-F6EF-4EEC-8A3E-EA66E82F2CC0}"
EndProject
Project("{9A19103F-16F7-4668-BE54-9A1E7A4F7556}") = "Viriplaca.HR.Domain", "src\Viriplaca.HR.Domain\Viriplaca.HR.Domain.csproj", "{FC8A72B1-EE80-48EA-990A-70CB7EA29727}"
EndProject
Project("{9A19103F-16F7-4668-BE54-9A1E7A4F7556}") = "Viriplaca.HR.Domain.UnitTests", "tests\Viriplaca.HR.Domain.UnitTests\Viriplaca.HR.Domain.UnitTests.csproj", "{C139CCAA-5888-4352-A78C-807282280ABF}"
EndProject
Project("{9A19103F-16F7-4668-BE54-9A1E7A4F7556}") = "Viriplaca.Common.Api", "src\Viriplaca.Common.Api\Viriplaca.Common.Api.csproj", "{1BF7A3E7-D997-4F9C-B994-9D0F9B2DD088}"
EndProject
Project("{9A19103F-16F7-4668-BE54-9A1E7A4F7556}") = "Viriplaca.Common.App", "src\Viriplaca.Common.App\Viriplaca.Common.App.csproj", "{074D81DC-0B84-4B8A-BCF8-6F9CCF1E5ACF}"
EndProject
Project("{9A19103F-16F7-4668-BE54-9A1E7A4F7556}") = "Viriplaca.Common.Data", "src\Viriplaca.Common.Data\Viriplaca.Common.Data.csproj", "{536CEBDC-69AE-4B8C-ACC6-0DD1C9E59689}"
EndProject
Project("{E53339B2-1760-4266-BCC7-CA923CBCF16C}") = "docker-compose", "docker-compose.dcproj", "{6233E9F8-6CB4-429E-94C2-BD594E98CE66}"
EndProject
Global
	GlobalSection(SolutionConfigurationPlatforms) = preSolution
		Debug|Any CPU = Debug|Any CPU
		Release|Any CPU = Release|Any CPU
	EndGlobalSection
	GlobalSection(ProjectConfigurationPlatforms) = postSolution
		{84DFDBBD-9D90-42C4-ABD3-81867160ABA6}.Debug|Any CPU.ActiveCfg = Debug|Any CPU
		{84DFDBBD-9D90-42C4-ABD3-81867160ABA6}.Debug|Any CPU.Build.0 = Debug|Any CPU
		{84DFDBBD-9D90-42C4-ABD3-81867160ABA6}.Release|Any CPU.ActiveCfg = Release|Any CPU
		{84DFDBBD-9D90-42C4-ABD3-81867160ABA6}.Release|Any CPU.Build.0 = Release|Any CPU
		{572F7AA7-A973-4B7F-A25E-20089C6639D1}.Debug|Any CPU.ActiveCfg = Debug|Any CPU
		{572F7AA7-A973-4B7F-A25E-20089C6639D1}.Debug|Any CPU.Build.0 = Debug|Any CPU
		{572F7AA7-A973-4B7F-A25E-20089C6639D1}.Release|Any CPU.ActiveCfg = Release|Any CPU
		{572F7AA7-A973-4B7F-A25E-20089C6639D1}.Release|Any CPU.Build.0 = Release|Any CPU
		{CA3BCE84-3CE6-4942-9B02-948320E6F8B9}.Debug|Any CPU.ActiveCfg = Debug|Any CPU
		{CA3BCE84-3CE6-4942-9B02-948320E6F8B9}.Debug|Any CPU.Build.0 = Debug|Any CPU
		{CA3BCE84-3CE6-4942-9B02-948320E6F8B9}.Release|Any CPU.ActiveCfg = Release|Any CPU
		{CA3BCE84-3CE6-4942-9B02-948320E6F8B9}.Release|Any CPU.Build.0 = Release|Any CPU
		{A41819F8-DBAE-4E47-A1C6-427D7F7C03B6}.Debug|Any CPU.ActiveCfg = Debug|Any CPU
		{A41819F8-DBAE-4E47-A1C6-427D7F7C03B6}.Debug|Any CPU.Build.0 = Debug|Any CPU
		{A41819F8-DBAE-4E47-A1C6-427D7F7C03B6}.Release|Any CPU.ActiveCfg = Release|Any CPU
		{A41819F8-DBAE-4E47-A1C6-427D7F7C03B6}.Release|Any CPU.Build.0 = Release|Any CPU
		{27B337AC-75AF-4DF9-91C8-C3B544965C5E}.Debug|Any CPU.ActiveCfg = Debug|Any CPU
		{27B337AC-75AF-4DF9-91C8-C3B544965C5E}.Debug|Any CPU.Build.0 = Debug|Any CPU
		{27B337AC-75AF-4DF9-91C8-C3B544965C5E}.Release|Any CPU.ActiveCfg = Release|Any CPU
		{27B337AC-75AF-4DF9-91C8-C3B544965C5E}.Release|Any CPU.Build.0 = Release|Any CPU
		{2BCE026E-4978-4B0D-BB89-C55E3C6C18F7}.Debug|Any CPU.ActiveCfg = Debug|Any CPU
		{2BCE026E-4978-4B0D-BB89-C55E3C6C18F7}.Debug|Any CPU.Build.0 = Debug|Any CPU
		{2BCE026E-4978-4B0D-BB89-C55E3C6C18F7}.Release|Any CPU.ActiveCfg = Release|Any CPU
		{2BCE026E-4978-4B0D-BB89-C55E3C6C18F7}.Release|Any CPU.Build.0 = Release|Any CPU
		{37B7CB5D-A793-4172-92AC-E24548360344}.Debug|Any CPU.ActiveCfg = Debug|Any CPU
		{37B7CB5D-A793-4172-92AC-E24548360344}.Debug|Any CPU.Build.0 = Debug|Any CPU
		{37B7CB5D-A793-4172-92AC-E24548360344}.Release|Any CPU.ActiveCfg = Release|Any CPU
		{37B7CB5D-A793-4172-92AC-E24548360344}.Release|Any CPU.Build.0 = Release|Any CPU
		{9DEE949E-9CDA-4EA2-A829-304F87591EAF}.Debug|Any CPU.ActiveCfg = Debug|Any CPU
		{9DEE949E-9CDA-4EA2-A829-304F87591EAF}.Debug|Any CPU.Build.0 = Debug|Any CPU
		{9DEE949E-9CDA-4EA2-A829-304F87591EAF}.Release|Any CPU.ActiveCfg = Release|Any CPU
		{9DEE949E-9CDA-4EA2-A829-304F87591EAF}.Release|Any CPU.Build.0 = Release|Any CPU
		{F359FDC9-53E3-4933-B595-34B0C6034AB0}.Debug|Any CPU.ActiveCfg = Debug|Any CPU
		{F359FDC9-53E3-4933-B595-34B0C6034AB0}.Debug|Any CPU.Build.0 = Debug|Any CPU
		{F359FDC9-53E3-4933-B595-34B0C6034AB0}.Release|Any CPU.ActiveCfg = Release|Any CPU
		{F359FDC9-53E3-4933-B595-34B0C6034AB0}.Release|Any CPU.Build.0 = Release|Any CPU
		{3A88A7C1-F6EF-4EEC-8A3E-EA66E82F2CC0}.Debug|Any CPU.ActiveCfg = Debug|Any CPU
		{3A88A7C1-F6EF-4EEC-8A3E-EA66E82F2CC0}.Debug|Any CPU.Build.0 = Debug|Any CPU
		{3A88A7C1-F6EF-4EEC-8A3E-EA66E82F2CC0}.Release|Any CPU.ActiveCfg = Release|Any CPU
		{3A88A7C1-F6EF-4EEC-8A3E-EA66E82F2CC0}.Release|Any CPU.Build.0 = Release|Any CPU
		{FC8A72B1-EE80-48EA-990A-70CB7EA29727}.Debug|Any CPU.ActiveCfg = Debug|Any CPU
		{FC8A72B1-EE80-48EA-990A-70CB7EA29727}.Debug|Any CPU.Build.0 = Debug|Any CPU
		{FC8A72B1-EE80-48EA-990A-70CB7EA29727}.Release|Any CPU.ActiveCfg = Release|Any CPU
		{FC8A72B1-EE80-48EA-990A-70CB7EA29727}.Release|Any CPU.Build.0 = Release|Any CPU
		{C139CCAA-5888-4352-A78C-807282280ABF}.Debug|Any CPU.ActiveCfg = Debug|Any CPU
		{C139CCAA-5888-4352-A78C-807282280ABF}.Debug|Any CPU.Build.0 = Debug|Any CPU
		{C139CCAA-5888-4352-A78C-807282280ABF}.Release|Any CPU.ActiveCfg = Release|Any CPU
		{C139CCAA-5888-4352-A78C-807282280ABF}.Release|Any CPU.Build.0 = Release|Any CPU
		{1BF7A3E7-D997-4F9C-B994-9D0F9B2DD088}.Debug|Any CPU.ActiveCfg = Debug|Any CPU
		{1BF7A3E7-D997-4F9C-B994-9D0F9B2DD088}.Debug|Any CPU.Build.0 = Debug|Any CPU
		{1BF7A3E7-D997-4F9C-B994-9D0F9B2DD088}.Release|Any CPU.ActiveCfg = Release|Any CPU
		{1BF7A3E7-D997-4F9C-B994-9D0F9B2DD088}.Release|Any CPU.Build.0 = Release|Any CPU
		{074D81DC-0B84-4B8A-BCF8-6F9CCF1E5ACF}.Debug|Any CPU.ActiveCfg = Debug|Any CPU
		{074D81DC-0B84-4B8A-BCF8-6F9CCF1E5ACF}.Debug|Any CPU.Build.0 = Debug|Any CPU
		{074D81DC-0B84-4B8A-BCF8-6F9CCF1E5ACF}.Release|Any CPU.ActiveCfg = Release|Any CPU
		{074D81DC-0B84-4B8A-BCF8-6F9CCF1E5ACF}.Release|Any CPU.Build.0 = Release|Any CPU
		{536CEBDC-69AE-4B8C-ACC6-0DD1C9E59689}.Debug|Any CPU.ActiveCfg = Debug|Any CPU
		{536CEBDC-69AE-4B8C-ACC6-0DD1C9E59689}.Debug|Any CPU.Build.0 = Debug|Any CPU
		{536CEBDC-69AE-4B8C-ACC6-0DD1C9E59689}.Release|Any CPU.ActiveCfg = Release|Any CPU
		{536CEBDC-69AE-4B8C-ACC6-0DD1C9E59689}.Release|Any CPU.Build.0 = Release|Any CPU
		{6233E9F8-6CB4-429E-94C2-BD594E98CE66}.Debug|Any CPU.ActiveCfg = Debug|Any CPU
		{6233E9F8-6CB4-429E-94C2-BD594E98CE66}.Debug|Any CPU.Build.0 = Debug|Any CPU
		{6233E9F8-6CB4-429E-94C2-BD594E98CE66}.Release|Any CPU.ActiveCfg = Release|Any CPU
		{6233E9F8-6CB4-429E-94C2-BD594E98CE66}.Release|Any CPU.Build.0 = Release|Any CPU
	EndGlobalSection
	GlobalSection(SolutionProperties) = preSolution
		HideSolutionNode = FALSE
	EndGlobalSection
	GlobalSection(NestedProjects) = preSolution
		{CA3BCE84-3CE6-4942-9B02-948320E6F8B9} = {A6096633-FACF-4154-9F72-2317CBD19930}
		{A41819F8-DBAE-4E47-A1C6-427D7F7C03B6} = {A6096633-FACF-4154-9F72-2317CBD19930}
		{27B337AC-75AF-4DF9-91C8-C3B544965C5E} = {A6096633-FACF-4154-9F72-2317CBD19930}
		{2BCE026E-4978-4B0D-BB89-C55E3C6C18F7} = {A6096633-FACF-4154-9F72-2317CBD19930}
		{37B7CB5D-A793-4172-92AC-E24548360344} = {A6096633-FACF-4154-9F72-2317CBD19930}
		{9DEE949E-9CDA-4EA2-A829-304F87591EAF} = {93B9F9FA-19EB-4BFD-B5B1-3DB75B1B3CA7}
		{F359FDC9-53E3-4933-B595-34B0C6034AB0} = {93B9F9FA-19EB-4BFD-B5B1-3DB75B1B3CA7}
		{3A88A7C1-F6EF-4EEC-8A3E-EA66E82F2CC0} = {93B9F9FA-19EB-4BFD-B5B1-3DB75B1B3CA7}
		{FC8A72B1-EE80-48EA-990A-70CB7EA29727} = {93B9F9FA-19EB-4BFD-B5B1-3DB75B1B3CA7}
		{C139CCAA-5888-4352-A78C-807282280ABF} = {93B9F9FA-19EB-4BFD-B5B1-3DB75B1B3CA7}
	EndGlobalSection
	GlobalSection(ExtensibilityGlobals) = postSolution
		SolutionGuid = {7323E3A9-F3A3-46F8-9A90-0E12E67BDA38}
	EndGlobalSection
EndGlobal
